
Microsoft Visual Studio Solution File, Format Version 12.00
# Visual Studio Version 16
VisualStudioVersion = 16.0.29709.97
MinimumVisualStudioVersion = 10.0.40219.1
Project("{FAE04EC0-301F-11D3-BF4B-00C04F79EFBC}") = "Assessment6Mock", "Assessment6Mock\Assessment6Mock.csproj", "{1493069C-80EF-409D-A035-1F8EAEC92017}"
EndProject
Global
	GlobalSection(SolutionConfigurationPlatforms) = preSolution
		Debug|Any CPU = Debug|Any CPU
		Release|Any CPU = Release|Any CPU
	EndGlobalSection
	GlobalSection(ProjectConfigurationPlatforms) = postSolution
		{1493069C-80EF-409D-A035-1F8EAEC92017}.Debug|Any CPU.ActiveCfg = Debug|Any CPU
		{1493069C-80EF-409D-A035-1F8EAEC92017}.Debug|Any CPU.Build.0 = Debug|Any CPU
		{1493069C-80EF-409D-A035-1F8EAEC92017}.Release|Any CPU.ActiveCfg = Release|Any CPU
		{1493069C-80EF-409D-A035-1F8EAEC92017}.Release|Any CPU.Build.0 = Release|Any CPU
	EndGlobalSection
	GlobalSection(SolutionProperties) = preSolution
		HideSolutionNode = FALSE
	EndGlobalSection
	GlobalSection(ExtensibilityGlobals) = postSolution
		SolutionGuid = {90BEF0D5-7CAF-4391-B785-9FA8A2CF88AE}
	EndGlobalSection
EndGlobal
